
Microsoft Visual Studio Solution File, Format Version 12.00
# Visual Studio Version 16
VisualStudioVersion = 16.0.31025.194
MinimumVisualStudioVersion = 10.0.40219.1
Project("{9A19103F-16F7-4668-BE54-9A1E7A4F7556}") = "Area", "area\Area.csproj", "{BED9A210-C686-4587-BA2B-6B24E0C50A98}"
EndProject
Project("{FAE04EC0-301F-11D3-BF4B-00C04F79EFBC}") = "Area.Tests", "Area.Tests\Area.Tests.csproj", "{60A0EFC9-E32D-4DB7-8A22-9B7B7E38CC31}"
EndProject
Global
	GlobalSection(SolutionConfigurationPlatforms) = preSolution
		Debug|Any CPU = Debug|Any CPU
		Release|Any CPU = Release|Any CPU
	EndGlobalSection
	GlobalSection(ProjectConfigurationPlatforms) = postSolution
		{BED9A210-C686-4587-BA2B-6B24E0C50A98}.Debug|Any CPU.ActiveCfg = Debug|Any CPU
		{BED9A210-C686-4587-BA2B-6B24E0C50A98}.Debug|Any CPU.Build.0 = Debug|Any CPU
		{BED9A210-C686-4587-BA2B-6B24E0C50A98}.Release|Any CPU.ActiveCfg = Release|Any CPU
		{BED9A210-C686-4587-BA2B-6B24E0C50A98}.Release|Any CPU.Build.0 = Release|Any CPU
		{60A0EFC9-E32D-4DB7-8A22-9B7B7E38CC31}.Debug|Any CPU.ActiveCfg = Debug|Any CPU
		{60A0EFC9-E32D-4DB7-8A22-9B7B7E38CC31}.Debug|Any CPU.Build.0 = Debug|Any CPU
		{60A0EFC9-E32D-4DB7-8A22-9B7B7E38CC31}.Release|Any CPU.ActiveCfg = Release|Any CPU
		{60A0EFC9-E32D-4DB7-8A22-9B7B7E38CC31}.Release|Any CPU.Build.0 = Release|Any CPU
	EndGlobalSection
	GlobalSection(SolutionProperties) = preSolution
		HideSolutionNode = FALSE
	EndGlobalSection
	GlobalSection(ExtensibilityGlobals) = postSolution
		SolutionGuid = {216CEF45-A61B-4E46-9EA0-1B11251F17A6}
	EndGlobalSection
EndGlobal
